
Microsoft Visual Studio Solution File, Format Version 12.00
# Visual Studio Version 17
VisualStudioVersion = 17.14.37027.9 d17.14
MinimumVisualStudioVersion = 10.0.40219.1
Project("{FAE04EC0-301F-11D3-BF4B-00C04F79EFBC}") = "projekt-LV", "projekt-LV.csproj", "{88D5A8CC-7BFF-45E9-BB8D-7D35296AFBB2}"
EndProject
Global
	GlobalSection(SolutionConfigurationPlatforms) = preSolution
		Debug|Any CPU = Debug|Any CPU
		Release|Any CPU = Release|Any CPU
	EndGlobalSection
	GlobalSection(ProjectConfigurationPlatforms) = postSolution
		{88D5A8CC-7BFF-45E9-BB8D-7D35296AFBB2}.Debug|Any CPU.ActiveCfg = Debug|Any CPU
		{88D5A8CC-7BFF-45E9-BB8D-7D35296AFBB2}.Debug|Any CPU.Build.0 = Debug|Any CPU
		{88D5A8CC-7BFF-45E9-BB8D-7D35296AFBB2}.Release|Any CPU.ActiveCfg = Release|Any CPU
		{88D5A8CC-7BFF-45E9-BB8D-7D35296AFBB2}.Release|Any CPU.Build.0 = Release|Any CPU
	EndGlobalSection
	GlobalSection(SolutionProperties) = preSolution
		HideSolutionNode = FALSE
	EndGlobalSection
	GlobalSection(ExtensibilityGlobals) = postSolution
		SolutionGuid = {F58F5B9E-4B4C-4D55-B66E-1F7E46167653}
	EndGlobalSection
EndGlobal
